
Microsoft Visual Studio Solution File, Format Version 12.00
# Visual Studio Version 17
VisualStudioVersion = 17.8.34330.188
MinimumVisualStudioVersion = 10.0.40219.1
Project("{FAE04EC0-301F-11D3-BF4B-00C04F79EFBC}") = "BLLClassLibrary", "BLLClassLibrary\BLLClassLibrary.csproj", "{1BFA4798-7E0B-4B1A-8ADA-4E3FB9786BDE}"
EndProject
Project("{FAE04EC0-301F-11D3-BF4B-00C04F79EFBC}") = "UI01ConsoleApp", "UI01ConsoleApp\UI01ConsoleApp.csproj", "{6B68A29E-2C74-4E6D-8FDF-D0979518F76C}"
	ProjectSection(ProjectDependencies) = postProject
		{1BFA4798-7E0B-4B1A-8ADA-4E3FB9786BDE} = {1BFA4798-7E0B-4B1A-8ADA-4E3FB9786BDE}
	EndProjectSection
EndProject
Project("{FAE04EC0-301F-11D3-BF4B-00C04F79EFBC}") = "TestProjectwithXunitEmail", "TestProjectwithXunitEmail\TestProjectwithXunitEmail.csproj", "{EE4F4985-8CE7-439E-8228-C2A6810FF23E}"
EndProject
Global
	GlobalSection(SolutionConfigurationPlatforms) = preSolution
		Debug|Any CPU = Debug|Any CPU
		Release|Any CPU = Release|Any CPU
	EndGlobalSection
	GlobalSection(ProjectConfigurationPlatforms) = postSolution
		{1BFA4798-7E0B-4B1A-8ADA-4E3FB9786BDE}.Debug|Any CPU.ActiveCfg = Debug|Any CPU
		{1BFA4798-7E0B-4B1A-8ADA-4E3FB9786BDE}.Debug|Any CPU.Build.0 = Debug|Any CPU
		{1BFA4798-7E0B-4B1A-8ADA-4E3FB9786BDE}.Release|Any CPU.ActiveCfg = Release|Any CPU
		{1BFA4798-7E0B-4B1A-8ADA-4E3FB9786BDE}.Release|Any CPU.Build.0 = Release|Any CPU
		{6B68A29E-2C74-4E6D-8FDF-D0979518F76C}.Debug|Any CPU.ActiveCfg = Debug|Any CPU
		{6B68A29E-2C74-4E6D-8FDF-D0979518F76C}.Debug|Any CPU.Build.0 = Debug|Any CPU
		{6B68A29E-2C74-4E6D-8FDF-D0979518F76C}.Release|Any CPU.ActiveCfg = Release|Any CPU
		{6B68A29E-2C74-4E6D-8FDF-D0979518F76C}.Release|Any CPU.Build.0 = Release|Any CPU
		{EE4F4985-8CE7-439E-8228-C2A6810FF23E}.Debug|Any CPU.ActiveCfg = Debug|Any CPU
		{EE4F4985-8CE7-439E-8228-C2A6810FF23E}.Debug|Any CPU.Build.0 = Debug|Any CPU
		{EE4F4985-8CE7-439E-8228-C2A6810FF23E}.Release|Any CPU.ActiveCfg = Release|Any CPU
		{EE4F4985-8CE7-439E-8228-C2A6810FF23E}.Release|Any CPU.Build.0 = Release|Any CPU
	EndGlobalSection
	GlobalSection(SolutionProperties) = preSolution
		HideSolutionNode = FALSE
	EndGlobalSection
	GlobalSection(ExtensibilityGlobals) = postSolution
		SolutionGuid = {DA546B7D-23F6-4778-831C-DE0DCF537970}
	EndGlobalSection
EndGlobal
